
Microsoft Visual Studio Solution File, Format Version 12.00
# Visual Studio Version 17
VisualStudioVersion = 17.14.36203.30 d17.14
MinimumVisualStudioVersion = 10.0.40219.1
Project("{FAE04EC0-301F-11D3-BF4B-00C04F79EFBC}") = "MunicipleComplaintMgmtSys.API", "MunicipleComplaintMgmtSys.API.csproj", "{9F52A01E-562F-4C03-ABA3-6F9BD33ADFFE}"
EndProject
Global
	GlobalSection(SolutionConfigurationPlatforms) = preSolution
		Debug|Any CPU = Debug|Any CPU
		Release|Any CPU = Release|Any CPU
	EndGlobalSection
	GlobalSection(ProjectConfigurationPlatforms) = postSolution
		{9F52A01E-562F-4C03-ABA3-6F9BD33ADFFE}.Debug|Any CPU.ActiveCfg = Debug|Any CPU
		{9F52A01E-562F-4C03-ABA3-6F9BD33ADFFE}.Debug|Any CPU.Build.0 = Debug|Any CPU
		{9F52A01E-562F-4C03-ABA3-6F9BD33ADFFE}.Release|Any CPU.ActiveCfg = Release|Any CPU
		{9F52A01E-562F-4C03-ABA3-6F9BD33ADFFE}.Release|Any CPU.Build.0 = Release|Any CPU
	EndGlobalSection
	GlobalSection(SolutionProperties) = preSolution
		HideSolutionNode = FALSE
	EndGlobalSection
	GlobalSection(ExtensibilityGlobals) = postSolution
		SolutionGuid = {3C6C5098-6D25-493D-BC32-87A88E304494}
	EndGlobalSection
EndGlobal
